PODS:
  - BMPlayer (0.8.6):
    - BMPlayer/Full (= 0.8.6)
  - BMPlayer/Core (0.8.6)
  - BMPlayer/Full (0.8.6):
    - BMPlayer/Core
    - NVActivityIndicatorView (~> 3.5)
    - SnapKit (~> 3.2)
  - BonMot (4.3.1)
  - ChameleonFramework (2.1.0):
    - ChameleonFramework/Default (= 2.1.0)
  - ChameleonFramework/Default (2.1.0)
  - HCSStarRatingView (1.5)
  - Hero (1.0.0)
  - NVActivityIndicatorView (3.6.1)
  - Pastel (0.3.0)
  - SideMenu (2.3.2)
  - SnapKit (3.2.0)
  - SwiftIcons (1.5.1)
  - XLPagerTabStrip (7.0.0)

DEPENDENCIES:
  - BMPlayer
  - BonMot
  - ChameleonFramework
  - HCSStarRatingView (~> 1.5)
  - Hero (from `https://github.com/lkzhao/Hero`)
  - Pastel
  - SideMenu
  - SwiftIcons (from `https://github.com/ranesr/SwiftIcons`)
  - XLPagerTabStrip (~> 7.0)

EXTERNAL SOURCES:
  Hero:
    :git: https://github.com/lkzhao/Hero
  SwiftIcons:
    :git: https://github.com/ranesr/SwiftIcons

CHECKOUT OPTIONS:
  Hero:
    :commit: c157a1b83e3bd3c0e73e30d90fd915812f3b0c8e
    :git: https://github.com/lkzhao/Hero
  SwiftIcons:
    :commit: b5cf5dd42c3d81638980ccd1224a6cc1eb07b5d3
    :git: https://github.com/ranesr/SwiftIcons

SPEC CHECKSUMS:
  BMPlayer: c4e152850a3c83dd581f086b9c84be5b73e33af5
  BonMot: 043bb5a8834cc6d74e9d624742272b92385e0a27
  ChameleonFramework: d21a3cc247abfe5e37609a283a8238b03575cf64
  HCSStarRatingView: 1d18f79654735514cd6f00e6d90e38cb6320dc31
  Hero: d66fdf20c7c8a33c03ff05512cead11b62f8221d
  NVActivityIndicatorView: 9f52a7f84bf5c6a798722c450fe3c198e01c56ed
  Pastel: 738740c84f2b15bbcd96ebe99c4e6c2f5dd42262
  SideMenu: 3fa07dd05d4bade2b6f9889fb1877e312e1ba319
  SnapKit: 1ca44df72cfa543218d177cb8aab029d10d86ea7
  SwiftIcons: b20641adce6b71fcb2e72389b4b5f2e87252df99
  XLPagerTabStrip: 9be80a66c6b7d60306b2c0a6004965016d68f813

PODFILE CHECKSUM: 07d2e9e3f0c5d1ef7ca1044478325fcbc4850269

COCOAPODS: 1.2.1
