PODS:
  - Alamofire (4.4.0)
  - BMPlayer (0.8.6):
    - BMPlayer/Full (= 0.8.6)
  - BMPlayer/Core (0.8.6)
  - BMPlayer/Full (0.8.6):
    - BMPlayer/Core
    - NVActivityIndicatorView (~> 3.5)
    - SnapKit (~> 3.2)
  - BonMot (4.3.1)
  - ChameleonFramework (2.1.0):
    - ChameleonFramework/Default (= 2.1.0)
  - ChameleonFramework/Default (2.1.0)
  - HCSStarRatingView (1.5)
  - Hero (1.0.0)
  - Kingfisher (3.9.1)
  - Mockingjay (2.0.0):
    - Mockingjay/Core (= 2.0.0)
    - Mockingjay/XCTest (= 2.0.0)
  - Mockingjay/Core (2.0.0):
    - URITemplate (~> 2.0)
  - Mockingjay/XCTest (2.0.0):
    - Mockingjay/Core
  - Moya (8.0.4):
    - Moya/Core (= 8.0.4)
  - Moya/Core (8.0.4):
    - Alamofire (~> 4.1)
    - Result (~> 3.0)
  - Nimble (6.0.1)
  - NVActivityIndicatorView (3.6.1)
  - Quick (1.1.0)
  - Result (3.2.2)
  - SnapKit (3.2.0)
  - SwiftIcons (1.5.1)
  - URITemplate (2.0.1)
  - XLPagerTabStrip (7.0.0)
  - YoutubeSourceParserKit (0.2.4)

DEPENDENCIES:
  - BMPlayer (~> 0.8.6)
  - BonMot (~> 4.3.1)
  - ChameleonFramework (~> 2.1.0)
  - HCSStarRatingView (~> 1.5)
  - Hero (from `https://github.com/lkzhao/Hero`)
  - Kingfisher (~> 3.0)
  - Mockingjay
  - Moya (~> 8.0.4)
  - Nimble
  - Quick
  - SnapKit (~> 3.2.0)
  - SwiftIcons (from `https://github.com/ranesr/SwiftIcons`)
  - XLPagerTabStrip (~> 7.0)
  - YoutubeSourceParserKit (from `https://github.com/lennet/YoutubeSourceParserKit`, branch `master`)

EXTERNAL SOURCES:
  Hero:
    :git: https://github.com/lkzhao/Hero
  SwiftIcons:
    :git: https://github.com/ranesr/SwiftIcons
  YoutubeSourceParserKit:
    :branch: master
    :git: https://github.com/lennet/YoutubeSourceParserKit

CHECKOUT OPTIONS:
  Hero:
    :commit: c157a1b83e3bd3c0e73e30d90fd915812f3b0c8e
    :git: https://github.com/lkzhao/Hero
  SwiftIcons:
    :commit: b5cf5dd42c3d81638980ccd1224a6cc1eb07b5d3
    :git: https://github.com/ranesr/SwiftIcons
  YoutubeSourceParserKit:
    :commit: 98f3bcf9886c20eefd82249a6cfbb3068ad86b80
    :git: https://github.com/lennet/YoutubeSourceParserKit

SPEC CHECKSUMS:
  Alamofire: dc44b1600b800eb63da6a19039a0083d62a6a62d
  BMPlayer: c4e152850a3c83dd581f086b9c84be5b73e33af5
  BonMot: 043bb5a8834cc6d74e9d624742272b92385e0a27
  ChameleonFramework: d21a3cc247abfe5e37609a283a8238b03575cf64
  HCSStarRatingView: 1d18f79654735514cd6f00e6d90e38cb6320dc31
  Hero: d66fdf20c7c8a33c03ff05512cead11b62f8221d
  Kingfisher: 6729a0baaa458245bfb8cd5a1296c71c10d6eb6c
  Mockingjay: 7122a3fc0597aa63438e4cd9b71b7bc8aac05b87
  Moya: a08bc060c7a44eee27447b239ed33a189b641e2b
  Nimble: 1527fd1bd2b4cf0636251a36bc8ab37e81da8347
  NVActivityIndicatorView: 9f52a7f84bf5c6a798722c450fe3c198e01c56ed
  Quick: dafc587e21eed9f4cab3249b9f9015b0b7a7f71d
  Result: 4edd39003fdccf281d418ee1b006571f70123250
  SnapKit: 1ca44df72cfa543218d177cb8aab029d10d86ea7
  SwiftIcons: b20641adce6b71fcb2e72389b4b5f2e87252df99
  URITemplate: 720b8a56a281494d7c2d31ee33183986eaed2c67
  XLPagerTabStrip: 9be80a66c6b7d60306b2c0a6004965016d68f813
  YoutubeSourceParserKit: d1506222a62718ed41f18ab52ebbc1b1d9ecabcc

PODFILE CHECKSUM: 3f0929cd39138f082d1d893caf5ea5149aa93646

COCOAPODS: 1.2.1
